// !$*UTF8*$!
{
	archiveVersion = 1;
	classes = {
	};
	objectVersion = 48;
	objects = {

/* Begin PBXBuildFile section */
		DCA30F4920FB4A0F002E8E60 /* AppDelegate.swift in Sources */ = {isa = PBXBuildFile; fileRef = DCA30F4820FB4A0F002E8E60 /* AppDelegate.swift */; };
		DCA30F4B20FB4A0F002E8E60 /* ViewController.swift in Sources */ = {isa = PBXBuildFile; fileRef = DCA30F4A20FB4A0F002E8E60 /* ViewController.swift */; };
		DCA30F4E20FB4A0F002E8E60 /* Main.storyboard in Resources */ = {isa = PBXBuildFile; fileRef = DCA30F4C20FB4A0F002E8E60 /* Main.storyboard */; };
		DCA30F5020FB4A0F002E8E60 /* Assets.xcassets in Resources */ = {isa = PBXBuildFile; fileRef = DCA30F4F20FB4A0F002E8E60 /* Assets.xcassets */; };
		DCA30F5320FB4A0F002E8E60 /* LaunchScreen.storyboard in Resources */ = {isa = PBXBuildFile; fileRef = DCA30F5120FB4A0F002E8E60 /* LaunchScreen.storyboard */; };
/* End PBXBuildFile section */

/* Begin PBXFileReference section */
		DCA30F4520FB4A0F002E8E60 /* PulseAnimation-Swift.app */ = {isa = PBXFileReference; explicitFileType = wrapper.application; includeInIndex = 0; path = "PulseAnimation-Swift.app"; sourceTree = BUILT_PRODUCTS_DIR; };
		DCA30F4820FB4A0F002E8E60 /* AppDelegate.swift */ = {isa = PBXFileReference; lastKnownFileType = sourcecode.swift; path = AppDelegate.swift; sourceTree = "<group>"; };
		DCA30F4A20FB4A0F002E8E60 /* ViewController.swift */ = {isa = PBXFileReference; lastKnownFileType = sourcecode.swift; path = ViewController.swift; sourceTree = "<group>"; };
		DCA30F4D20FB4A0F002E8E60 /* Base */ = {isa = PBXFileReference; lastKnownFileType = file.storyboard; name = Base; path = Base.lproj/Main.storyboard; sourceTree = "<group>"; };
		DCA30F4F20FB4A0F002E8E60 /* Assets.xcassets */ = {isa = PBXFileReference; lastKnownFileType = folder.assetcatalog; path = Assets.xcassets; sourceTree = "<group>"; };
		DCA30F5220FB4A0F002E8E60 /* Base */ = {isa = PBXFileReference; lastKnownFileType = file.storyboard; name = Base; path = Base.lproj/LaunchScreen.storyboard; sourceTree = "<group>"; };
		DCA30F5420FB4A0F002E8E60 /* Info.plist */ = {isa = PBXFileReference; lastKnownFileType = text.plist.xml; path = Info.plist; sourceTree = "<group>"; };
/* End PBXFileReference section */

/* Begin PBXFrameworksBuildPhase section */
		DCA30F4220FB4A0F002E8E60 /* Frameworks */ = {
			isa = PBXFrameworksBuildPhase;
			buildActionMask = 2147483647;
			files = (
			);
			runOnlyForDeploymentPostprocessing = 0;
		};
/* End PBXFrameworksBuildPhase section */

/* Begin PBXGroup section */
		DCA30F3C20FB4A0F002E8E60 = {
			isa = PBXGroup;
			children = (
				DCA30F4720FB4A0F002E8E60 /* PulseAnimation-Swift */,
				DCA30F4620FB4A0F002E8E60 /* Products */,
			);
			sourceTree = "<group>";
		};
		DCA30F4620FB4A0F002E8E60 /* Products */ = {
			isa = PBXGroup;
			children = (
				DCA30F4520FB4A0F002E8E60 /* PulseAnimation-Swift.app */,
			);
			name = Products;
			sourceTree = "<group>";
		};
		DCA30F4720FB4A0F002E8E60 /* PulseAnimation-Swift */ = {
			isa = PBXGroup;
			children = (
				DCA30F4820FB4A0F002E8E60 /* AppDelegate.swift */,
				DCA30F4A20FB4A0F002E8E60 /* ViewController.swift */,
				DCA30F4C20FB4A0F002E8E60 /* Main.storyboard */,
				DCA30F4F20FB4A0F002E8E60 /* Assets.xcassets */,
				DCA30F5120FB4A0F002E8E60 /* LaunchScreen.storyboard */,
				DCA30F5420FB4A0F002E8E60 /* Info.plist */,
			);
			path = "PulseAnimation-Swift";
			sourceTree = "<group>";
		};
/* End PBXGroup section */

/* Begin PBXNativeTarget section */
		DCA30F4420FB4A0F002E8E60 /* PulseAnimation-Swift */ = {
			isa = PBXNativeTarget;
			buildConfigurationList = DCA30F5720FB4A0F002E8E60 /* Build configuration list for PBXNativeTarget "PulseAnimation-Swift" */;
			buildPhases = (
				DCA30F4120FB4A0F002E8E60 /* Sources */,
				DCA30F4220FB4A0F002E8E60 /* Frameworks */,
				DCA30F4320FB4A0F002E8E60 /* Resources */,
			);
			buildRules = (
			);
			dependencies = (
			);
			name = "PulseAnimation-Swift";
			productName = "PulseAnimation-Swift";
			productReference = DCA30F4520FB4A0F002E8E60 /* PulseAnimation-Swift.app */;
			productType = "com.apple.product-type.application";
		};
/* End PBXNativeTarget section */

/* Begin PBXProject section */
		DCA30F3D20FB4A0F002E8E60 /* Project object */ = {
			isa = PBXProject;
			attributes = {
				LastSwiftUpdateCheck = 0920;
				LastUpgradeCheck = 0920;
				ORGANIZATIONNAME = "Aman Aggarwal";
				TargetAttributes = {
					DCA30F4420FB4A0F002E8E60 = {
						CreatedOnToolsVersion = 9.2;
						ProvisioningStyle = Manual;
					};
				};
			};
			buildConfigurationList = DCA30F4020FB4A0F002E8E60 /* Build configuration list for PBXProject "PulseAnimation-Swift" */;
			compatibilityVersion = "Xcode 8.0";
			developmentRegion = en;
			hasScannedForEncodings = 0;
			knownRegions = (
				en,
				Base,
			);
			mainGroup = DCA30F3C20FB4A0F002E8E60;
			productRefGroup = DCA30F4620FB4A0F002E8E60 /* Products */;
			projectDirPath = "";
			projectRoot = "";
			targets = (
				DCA30F4420FB4A0F002E8E60 /* PulseAnimation-Swift */,
			);
		};
/* End PBXProject section */

/* Begin PBXResourcesBuildPhase section */
		DCA30F4320FB4A0F002E8E60 /* Resources */ = {
			isa = PBXResourcesBuildPhase;
			buildActionMask = 2147483647;
			files = (
				DCA30F5320FB4A0F002E8E60 /* LaunchScreen.storyboard in Resources */,
				DCA30F5020FB4A0F002E8E60 /* Assets.xcassets in Resources */,
				DCA30F4E20FB4A0F002E8E60 /* Main.storyboard in Resources */,
			);
			runOnlyForDeploymentPostprocessing = 0;
		};
/* End PBXResourcesBuildPhase section */

/* Begin PBXSourcesBuildPhase section */
		DCA30F4120FB4A0F002E8E60 /* Sources */ = {
			isa = PBXSourcesBuildPhase;
			buildActionMask = 2147483647;
			files = (
				DCA30F4B20FB4A0F002E8E60 /* ViewController.swift in Sources */,
				DCA30F4920FB4A0F002E8E60 /* AppDelegate.swift in Sources */,
			);
			runOnlyForDeploymentPostprocessing = 0;
		};
/* End PBXSourcesBuildPhase section */

/* Begin PBXVariantGroup section */
		DCA30F4C20FB4A0F002E8E60 /* Main.storyboard */ = {
			isa = PBXVariantGroup;
			children = (
				DCA30F4D20FB4A0F002E8E60 /* Base */,
			);
			name = Main.storyboard;
			sourceTree = "<group>";
		};
		DCA30F5120FB4A0F002E8E60 /* LaunchScreen.storyboard */ = {
			isa = PBXVariantGroup;
			children = (
				DCA30F5220FB4A0F002E8E60 /* Base */,
			);
			name = LaunchScreen.storyboard;
			sourceTree = "<group>";
		};
/* End PBXVariantGroup section */

/* Begin XCBuildConfiguration section */
		DCA30F5520FB4A0F002E8E60 /* Debug */ = {
			isa = XCBuildConfiguration;
			buildSettings = {
				ALWAYS_SEARCH_USER_PATHS = NO;
				CLANG_ANALYZER_NONNULL = YES;
				CLANG_ANALYZER_NUMBER_OBJECT_CONVERSION = YES_AGGRESSIVE;
				CLANG_CXX_LANGUAGE_STANDARD = "gnu++14";
				CLANG_CXX_LIBRARY = "libc++";
				CLANG_ENABLE_MODULES = YES;
				CLANG_ENABLE_OBJC_ARC = YES;
				CLANG_WARN_BLOCK_CAPTURE_AUTORELEASING = YES;
				CLANG_WARN_BOOL_CONVERSION = YES;
				CLANG_WARN_COMMA = YES;
				CLANG_WARN_CONSTANT_CONVERSION = YES;
				CLANG_WARN_DIRECT_OBJC_ISA_USAGE = YES_ERROR;
				CLANG_WARN_DOCUMENTATION_COMMENTS = YES;
				CLANG_WARN_EMPTY_BODY = YES;
				CLANG_WARN_ENUM_CONVERSION = YES;
				CLANG_WARN_INFINITE_RECURSION = YES;
				CLANG_WARN_INT_CONVERSION = YES;
				CLANG_WARN_NON_LITERAL_NULL_CONVERSION = YES;
				CLANG_WARN_OBJC_LITERAL_CONVERSION = YES;
				CLANG_WARN_OBJC_ROOT_CLASS = YES_ERROR;
				CLANG_WARN_RANGE_LOOP_ANALYSIS = YES;
				CLANG_WARN_STRICT_PROTOTYPES = YES;
				CLANG_WARN_SUSPICIOUS_MOVE = YES;
				CLANG_WARN_UNGUARDED_AVAILABILITY = YES_AGGRESSIVE;
				CLANG_WARN_UNREACHABLE_CODE = YES;
				CLANG_WARN__DUPLICATE_METHOD_MATCH = YES;
				CODE_SIGN_IDENTITY = "iPhone Developer";
				COPY_PHASE_STRIP = NO;
				DEBUG_INFORMATION_FORMAT = dwarf;
				ENABLE_STRICT_OBJC_MSGSEND = YES;
				ENABLE_TESTABILITY = YES;
				GCC_C_LANGUAGE_STANDARD = gnu11;
				GCC_DYNAMIC_NO_PIC = NO;
				GCC_NO_COMMON_BLOCKS = YES;
				GCC_OPTIMIZATION_LEVEL = 0;
				GCC_PREPROCESSOR_DEFINITIONS = (
					"DEBUG=1",
					"$(inherited)",
				);
				GCC_WARN_64_TO_32_BIT_CONVERSION = YES;
				GCC_WARN_ABOUT_RETURN_TYPE = YES_ERROR;
				GCC_WARN_UNDECLARED_SELECTOR = YES;
				GCC_WARN_UNINITIALIZED_AUTOS = YES_AGGRESSIVE;
				GCC_WARN_UNUSED_FUNCTION = YES;
				GCC_WARN_UNUSED_VARIABLE = YES;
				IPHONEOS_DEPLOYMENT_TARGET = 11.2;
				MTL_ENABLE_DEBUG_INFO = YES;
				ONLY_ACTIVE_ARCH = YES;
				SDKROOT = iphoneos;
				SWIFT_ACTIVE_COMPILATION_CONDITIONS = DEBUG;
				SWIFT_OPTIMIZATION_LEVEL = "-Onone";
			};
			name = Debug;
		};
		DCA30F5620FB4A0F002E8E60 /* Release */ = {
			isa = XCBuildConfiguration;
			buildSettings = {
				ALWAYS_SEARCH_USER_PATHS = NO;
				CLANG_ANALYZER_NONNULL = YES;
				CLANG_ANALYZER_NUMBER_OBJECT_CONVERSION = YES_AGGRESSIVE;
				CLANG_CXX_LANGUAGE_STANDARD = "gnu++14";
				CLANG_CXX_LIBRARY = "libc++";
				CLANG_ENABLE_MODULES = YES;
				CLANG_ENABLE_OBJC_ARC = YES;
				CLANG_WARN_BLOCK_CAPTURE_AUTORELEASING = YES;
				CLANG_WARN_BOOL_CONVERSION = YES;
				CLANG_WARN_COMMA = YES;
				CLANG_WARN_CONSTANT_CONVERSION = YES;
				CLANG_WARN_DIRECT_OBJC_ISA_USAGE = YES_ERROR;
				CLANG_WARN_DOCUMENTATION_COMMENTS = YES;
				CLANG_WARN_EMPTY_BODY = YES;
				CLANG_WARN_ENUM_CONVERSION = YES;
				CLANG_WARN_INFINITE_RECURSION = YES;
				CLANG_WARN_INT_CONVERSION = YES;
				CLANG_WARN_NON_LITERAL_NULL_CONVERSION = YES;
				CLANG_WARN_OBJC_LITERAL_CONVERSION = YES;
				CLANG_WARN_OBJC_ROOT_CLASS = YES_ERROR;
				CLANG_WARN_RANGE_LOOP_ANALYSIS = YES;
				CLANG_WARN_STRICT_PROTOTYPES = YES;
				CLANG_WARN_SUSPICIOUS_MOVE = YES;
				CLANG_WARN_UNGUARDED_AVAILABILITY = YES_AGGRESSIVE;
				CLANG_WARN_UNREACHABLE_CODE = YES;
				CLANG_WARN__DUPLICATE_METHOD_MATCH = YES;
				CODE_SIGN_IDENTITY = "iPhone Developer";
				COPY_PHASE_STRIP = NO;
				DEBUG_INFORMATION_FORMAT = "dwarf-with-dsym";
				ENABLE_NS_ASSERTIONS = NO;
				ENABLE_STRICT_OBJC_MSGSEND = YES;
				GCC_C_LANGUAGE_STANDARD = gnu11;
				GCC_NO_COMMON_BLOCKS = YES;
				GCC_WARN_64_TO_32_BIT_CONVERSION = YES;
				GCC_WARN_ABOUT_RETURN_TYPE = YES_ERROR;
				GCC_WARN_UNDECLARED_SELECTOR = YES;
				GCC_WARN_UNINITIALIZED_AUTOS = YES_AGGRESSIVE;
				GCC_WARN_UNUSED_FUNCTION = YES;
				GCC_WARN_UNUSED_VARIABLE = YES;
				IPHONEOS_DEPLOYMENT_TARGET = 11.2;
				MTL_ENABLE_DEBUG_INFO = NO;
				SDKROOT = iphoneos;
				SWIFT_OPTIMIZATION_LEVEL = "-Owholemodule";
				VALIDATE_PRODUCT = YES;
			};
			name = Release;
		};
		DCA30F5820FB4A0F002E8E60 /* Debug */ = {
			isa = XCBuildConfiguration;
			buildSettings = {
				ASSETCATALOG_COMPILER_APPICON_NAME = AppIcon;
				CODE_SIGN_STYLE = Manual;
				DEVELOPMENT_TEAM = "";
				INFOPLIST_FILE = "PulseAnimation-Swift/Info.plist";
				LD_RUNPATH_SEARCH_PATHS = "$(inherited) @executable_path/Frameworks";
				PRODUCT_BUNDLE_IDENTIFIER = "com.iostutorialjunction.PulseAnimation-Swift";
				PRODUCT_NAME = "$(TARGET_NAME)";
				PROVISIONING_PROFILE_SPECIFIER = "";
				SWIFT_VERSION = 4.0;
				TARGETED_DEVICE_FAMILY = "1,2";
			};
			name = Debug;
		};
		DCA30F5920FB4A0F002E8E60 /* Release */ = {
			isa = XCBuildConfiguration;
			buildSettings = {
				ASSETCATALOG_COMPILER_APPICON_NAME = AppIcon;
				CODE_SIGN_STYLE = Manual;
				DEVELOPMENT_TEAM = "";
				INFOPLIST_FILE = "PulseAnimation-Swift/Info.plist";
				LD_RUNPATH_SEARCH_PATHS = "$(inherited) @executable_path/Frameworks";
				PRODUCT_BUNDLE_IDENTIFIER = "com.iostutorialjunction.PulseAnimation-Swift";
				PRODUCT_NAME = "$(TARGET_NAME)";
				PROVISIONING_PROFILE_SPECIFIER = "";
				SWIFT_VERSION = 4.0;
				TARGETED_DEVICE_FAMILY = "1,2";
			};
			name = Release;
		};
/* End XCBuildConfiguration section */

/* Begin XCConfigurationList section */
		DCA30F4020FB4A0F002E8E60 /* Build configuration list for PBXProject "PulseAnimation-Swift" */ = {
			isa = XCConfigurationList;
			buildConfigurations = (
				DCA30F5520FB4A0F002E8E60 /* Debug */,
				DCA30F5620FB4A0F002E8E60 /* Release */,
			);
			defaultConfigurationIsVisible = 0;
			defaultConfigurationName = Release;
		};
		DCA30F5720FB4A0F002E8E60 /* Build configuration list for PBXNativeTarget "PulseAnimation-Swift" */ = {
			isa = XCConfigurationList;
			buildConfigurations = (
				DCA30F5820FB4A0F002E8E60 /* Debug */,
				DCA30F5920FB4A0F002E8E60 /* Release */,
			);
			defaultConfigurationIsVisible = 0;
			defaultConfigurationName = Release;
		};
/* End XCConfigurationList section */
	};
	rootObject = DCA30F3D20FB4A0F002E8E60 /* Project object */;
}
